// !$*UTF8*$!
{
	archiveVersion = 1;
	classes = {
	};
	objectVersion = 46;
	objects = {

/* Begin PBXBuildFile section */
		F439BF491DCAD5090095409A /* AppDelegate.swift in Sources */ = {isa = PBXBuildFile; fileRef = F439BF481DCAD5090095409A /* AppDelegate.swift */; };
		F439BF4B1DCAD5090095409A /* ViewController.swift in Sources */ = {isa = PBXBuildFile; fileRef = F439BF4A1DCAD5090095409A /* ViewController.swift */; };
		F439BF4E1DCAD5090095409A /* Main.storyboard in Resources */ = {isa = PBXBuildFile; fileRef = F439BF4C1DCAD5090095409A /* Main.storyboard */; };
		F439BF501DCAD5090095409A /* Assets.xcassets in Resources */ = {isa = PBXBuildFile; fileRef = F439BF4F1DCAD5090095409A /* Assets.xcassets */; };
		F439BF531DCAD5090095409A /* LaunchScreen.storyboard in Resources */ = {isa = PBXBuildFile; fileRef = F439BF511DCAD5090095409A /* LaunchScreen.storyboard */; };
/* End PBXBuildFile section */

/* Begin PBXFileReference section */
		F439BF451DCAD5080095409A /* picexif.app */ = {isa = PBXFileReference; explicitFileType = wrapper.application; includeInIndex = 0; path = picexif.app; sourceTree = BUILT_PRODUCTS_DIR; };
		F439BF481DCAD5090095409A /* AppDelegate.swift */ = {isa = PBXFileReference; lastKnownFileType = sourcecode.swift; path = AppDelegate.swift; sourceTree = "<group>"; };
		F439BF4A1DCAD5090095409A /* ViewController.swift */ = {isa = PBXFileReference; lastKnownFileType = sourcecode.swift; path = ViewController.swift; sourceTree = "<group>"; };
		F439BF4D1DCAD5090095409A /* Base */ = {isa = PBXFileReference; lastKnownFileType = file.storyboard; name = Base; path = Base.lproj/Main.storyboard; sourceTree = "<group>"; };
		F439BF4F1DCAD5090095409A /* Assets.xcassets */ = {isa = PBXFileReference; lastKnownFileType = folder.assetcatalog; path = Assets.xcassets; sourceTree = "<group>"; };
		F439BF521DCAD5090095409A /* Base */ = {isa = PBXFileReference; lastKnownFileType = file.storyboard; name = Base; path = Base.lproj/LaunchScreen.storyboard; sourceTree = "<group>"; };
		F439BF541DCAD5090095409A /* Info.plist */ = {isa = PBXFileReference; lastKnownFileType = text.plist.xml; path = Info.plist; sourceTree = "<group>"; };
/* End PBXFileReference section */

/* Begin PBXFrameworksBuildPhase section */
		F439BF421DCAD5080095409A /* Frameworks */ = {
			isa = PBXFrameworksBuildPhase;
			buildActionMask = 2147483647;
			files = (
			);
			runOnlyForDeploymentPostprocessing = 0;
		};
/* End PBXFrameworksBuildPhase section */

/* Begin PBXGroup section */
		F439BF3C1DCAD5080095409A = {
			isa = PBXGroup;
			children = (
				F439BF471DCAD5080095409A /* picexif */,
				F439BF461DCAD5080095409A /* Products */,
			);
			sourceTree = "<group>";
		};
		F439BF461DCAD5080095409A /* Products */ = {
			isa = PBXGroup;
			children = (
				F439BF451DCAD5080095409A /* picexif.app */,
			);
			name = Products;
			sourceTree = "<group>";
		};
		F439BF471DCAD5080095409A /* picexif */ = {
			isa = PBXGroup;
			children = (
				F439BF481DCAD5090095409A /* AppDelegate.swift */,
				F439BF4A1DCAD5090095409A /* ViewController.swift */,
				F439BF4C1DCAD5090095409A /* Main.storyboard */,
				F439BF4F1DCAD5090095409A /* Assets.xcassets */,
				F439BF511DCAD5090095409A /* LaunchScreen.storyboard */,
				F439BF541DCAD5090095409A /* Info.plist */,
			);
			path = picexif;
			sourceTree = "<group>";
		};
/* End PBXGroup section */

/* Begin PBXNativeTarget section */
		F439BF441DCAD5080095409A /* picexif */ = {
			isa = PBXNativeTarget;
			buildConfigurationList = F439BF571DCAD5090095409A /* Build configuration list for PBXNativeTarget "picexif" */;
			buildPhases = (
				F439BF411DCAD5080095409A /* Sources */,
				F439BF421DCAD5080095409A /* Frameworks */,
				F439BF431DCAD5080095409A /* Resources */,
			);
			buildRules = (
			);
			dependencies = (
			);
			name = picexif;
			productName = picexif;
			productReference = F439BF451DCAD5080095409A /* picexif.app */;
			productType = "com.apple.product-type.application";
		};
/* End PBXNativeTarget section */

/* Begin PBXProject section */
		F439BF3D1DCAD5080095409A /* Project object */ = {
			isa = PBXProject;
			attributes = {
				LastSwiftUpdateCheck = 0810;
				LastUpgradeCheck = 0810;
				ORGANIZATIONNAME = Simon;
				TargetAttributes = {
					F439BF441DCAD5080095409A = {
						CreatedOnToolsVersion = 8.1;
						DevelopmentTeam = DH3BWSZE6W;
						ProvisioningStyle = Automatic;
					};
				};
			};
			buildConfigurationList = F439BF401DCAD5080095409A /* Build configuration list for PBXProject "picexif" */;
			compatibilityVersion = "Xcode 3.2";
			developmentRegion = English;
			hasScannedForEncodings = 0;
			knownRegions = (
				en,
				Base,
			);
			mainGroup = F439BF3C1DCAD5080095409A;
			productRefGroup = F439BF461DCAD5080095409A /* Products */;
			projectDirPath = "";
			projectRoot = "";
			targets = (
				F439BF441DCAD5080095409A /* picexif */,
			);
		};
/* End PBXProject section */

/* Begin PBXResourcesBuildPhase section */
		F439BF431DCAD5080095409A /* Resources */ = {
			isa = PBXResourcesBuildPhase;
			buildActionMask = 2147483647;
			files = (
				F439BF531DCAD5090095409A /* LaunchScreen.storyboard in Resources */,
				F439BF501DCAD5090095409A /* Assets.xcassets in Resources */,
				F439BF4E1DCAD5090095409A /* Main.storyboard in Resources */,
			);
			runOnlyForDeploymentPostprocessing = 0;
		};
/* End PBXResourcesBuildPhase section */

/* Begin PBXSourcesBuildPhase section */
		F439BF411DCAD5080095409A /* Sources */ = {
			isa = PBXSourcesBuildPhase;
			buildActionMask = 2147483647;
			files = (
				F439BF4B1DCAD5090095409A /* ViewController.swift in Sources */,
				F439BF491DCAD5090095409A /* AppDelegate.swift in Sources */,
			);
			runOnlyForDeploymentPostprocessing = 0;
		};
/* End PBXSourcesBuildPhase section */

/* Begin PBXVariantGroup section */
		F439BF4C1DCAD5090095409A /* Main.storyboard */ = {
			isa = PBXVariantGroup;
			children = (
				F439BF4D1DCAD5090095409A /* Base */,
			);
			name = Main.storyboard;
			sourceTree = "<group>";
		};
		F439BF511DCAD5090095409A /* LaunchScreen.storyboard */ = {
			isa = PBXVariantGroup;
			children = (
				F439BF521DCAD5090095409A /* Base */,
			);
			name = LaunchScreen.storyboard;
			sourceTree = "<group>";
		};
/* End PBXVariantGroup section */

/* Begin XCBuildConfiguration section */
		F439BF551DCAD5090095409A /* Debug */ = {
			isa = XCBuildConfiguration;
			buildSettings = {
				ALWAYS_SEARCH_USER_PATHS = NO;
				CLANG_ANALYZER_NONNULL = YES;
				CLANG_CXX_LANGUAGE_STANDARD = "gnu++0x";
				CLANG_CXX_LIBRARY = "libc++";
				CLANG_ENABLE_MODULES = YES;
				CLANG_ENABLE_OBJC_ARC = YES;
				CLANG_WARN_BOOL_CONVERSION = YES;
				CLANG_WARN_CONSTANT_CONVERSION = YES;
				CLANG_WARN_DIRECT_OBJC_ISA_USAGE = YES_ERROR;
				CLANG_WARN_DOCUMENTATION_COMMENTS = YES;
				CLANG_WARN_EMPTY_BODY = YES;
				CLANG_WARN_ENUM_CONVERSION = YES;
				CLANG_WARN_INFINITE_RECURSION = YES;
				CLANG_WARN_INT_CONVERSION = YES;
				CLANG_WARN_OBJC_ROOT_CLASS = YES_ERROR;
				CLANG_WARN_SUSPICIOUS_MOVES = YES;
				CLANG_WARN_UNREACHABLE_CODE = YES;
				CLANG_WARN__DUPLICATE_METHOD_MATCH = YES;
				"CODE_SIGN_IDENTITY[sdk=iphoneos*]" = "iPhone Developer";
				COPY_PHASE_STRIP = NO;
				DEBUG_INFORMATION_FORMAT = dwarf;
				ENABLE_STRICT_OBJC_MSGSEND = YES;
				ENABLE_TESTABILITY = YES;
				GCC_C_LANGUAGE_STANDARD = gnu99;
				GCC_DYNAMIC_NO_PIC = NO;
				GCC_NO_COMMON_BLOCKS = YES;
				GCC_OPTIMIZATION_LEVEL = 0;
				GCC_PREPROCESSOR_DEFINITIONS = (
					"DEBUG=1",
					"$(inherited)",
				);
				GCC_WARN_64_TO_32_BIT_CONVERSION = YES;
				GCC_WARN_ABOUT_RETURN_TYPE = YES_ERROR;
				GCC_WARN_UNDECLARED_SELECTOR = YES;
				GCC_WARN_UNINITIALIZED_AUTOS = YES_AGGRESSIVE;
				GCC_WARN_UNUSED_FUNCTION = YES;
				GCC_WARN_UNUSED_VARIABLE = YES;
				IPHONEOS_DEPLOYMENT_TARGET = 10.1;
				MTL_ENABLE_DEBUG_INFO = YES;
				ONLY_ACTIVE_ARCH = YES;
				SDKROOT = iphoneos;
				SWIFT_ACTIVE_COMPILATION_CONDITIONS = DEBUG;
				SWIFT_OPTIMIZATION_LEVEL = "-Onone";
				TARGETED_DEVICE_FAMILY = "1,2";
			};
			name = Debug;
		};
		F439BF561DCAD5090095409A /* Release */ = {
			isa = XCBuildConfiguration;
			buildSettings = {
				ALWAYS_SEARCH_USER_PATHS = NO;
				CLANG_ANALYZER_NONNULL = YES;
				CLANG_CXX_LANGUAGE_STANDARD = "gnu++0x";
				CLANG_CXX_LIBRARY = "libc++";
				CLANG_ENABLE_MODULES = YES;
				CLANG_ENABLE_OBJC_ARC = YES;
				CLANG_WARN_BOOL_CONVERSION = YES;
				CLANG_WARN_CONSTANT_CONVERSION = YES;
				CLANG_WARN_DIRECT_OBJC_ISA_USAGE = YES_ERROR;
				CLANG_WARN_DOCUMENTATION_COMMENTS = YES;
				CLANG_WARN_EMPTY_BODY = YES;
				CLANG_WARN_ENUM_CONVERSION = YES;
				CLANG_WARN_INFINITE_RECURSION = YES;
				CLANG_WARN_INT_CONVERSION = YES;
				CLANG_WARN_OBJC_ROOT_CLASS = YES_ERROR;
				CLANG_WARN_SUSPICIOUS_MOVES = YES;
				CLANG_WARN_UNREACHABLE_CODE = YES;
				CLANG_WARN__DUPLICATE_METHOD_MATCH = YES;
				"CODE_SIGN_IDENTITY[sdk=iphoneos*]" = "iPhone Developer";
				COPY_PHASE_STRIP = NO;
				DEBUG_INFORMATION_FORMAT = "dwarf-with-dsym";
				ENABLE_NS_ASSERTIONS = NO;
				ENABLE_STRICT_OBJC_MSGSEND = YES;
				GCC_C_LANGUAGE_STANDARD = gnu99;
				GCC_NO_COMMON_BLOCKS = YES;
				GCC_WARN_64_TO_32_BIT_CONVERSION = YES;
				GCC_WARN_ABOUT_RETURN_TYPE = YES_ERROR;
				GCC_WARN_UNDECLARED_SELECTOR = YES;
				GCC_WARN_UNINITIALIZED_AUTOS = YES_AGGRESSIVE;
				GCC_WARN_UNUSED_FUNCTION = YES;
				GCC_WARN_UNUSED_VARIABLE = YES;
				IPHONEOS_DEPLOYMENT_TARGET = 10.1;
				MTL_ENABLE_DEBUG_INFO = NO;
				SDKROOT = iphoneos;
				SWIFT_OPTIMIZATION_LEVEL = "-Owholemodule";
				TARGETED_DEVICE_FAMILY = "1,2";
				VALIDATE_PRODUCT = YES;
			};
			name = Release;
		};
		F439BF581DCAD5090095409A /* Debug */ = {
			isa = XCBuildConfiguration;
			buildSettings = {
				ASSETCATALOG_COMPILER_APPICON_NAME = AppIcon;
				DEVELOPMENT_TEAM = DH3BWSZE6W;
				INFOPLIST_FILE = picexif/Info.plist;
				LD_RUNPATH_SEARCH_PATHS = "$(inherited) @executable_path/Frameworks";
				PRODUCT_BUNDLE_IDENTIFIER = com.yangz.picexif;
				PRODUCT_NAME = "$(TARGET_NAME)";
				SWIFT_VERSION = 3.0;
			};
			name = Debug;
		};
		F439BF591DCAD5090095409A /* Release */ = {
			isa = XCBuildConfiguration;
			buildSettings = {
				ASSETCATALOG_COMPILER_APPICON_NAME = AppIcon;
				DEVELOPMENT_TEAM = DH3BWSZE6W;
				INFOPLIST_FILE = picexif/Info.plist;
				LD_RUNPATH_SEARCH_PATHS = "$(inherited) @executable_path/Frameworks";
				PRODUCT_BUNDLE_IDENTIFIER = com.yangz.picexif;
				PRODUCT_NAME = "$(TARGET_NAME)";
				SWIFT_VERSION = 3.0;
			};
			name = Release;
		};
/* End XCBuildConfiguration section */

/* Begin XCConfigurationList section */
		F439BF401DCAD5080095409A /* Build configuration list for PBXProject "picexif" */ = {
			isa = XCConfigurationList;
			buildConfigurations = (
				F439BF551DCAD5090095409A /* Debug */,
				F439BF561DCAD5090095409A /* Release */,
			);
			defaultConfigurationIsVisible = 0;
			defaultConfigurationName = Release;
		};
		F439BF571DCAD5090095409A /* Build configuration list for PBXNativeTarget "picexif" */ = {
			isa = XCConfigurationList;
			buildConfigurations = (
				F439BF581DCAD5090095409A /* Debug */,
				F439BF591DCAD5090095409A /* Release */,
			);
			defaultConfigurationIsVisible = 0;
		};
/* End XCConfigurationList section */
	};
	rootObject = F439BF3D1DCAD5080095409A /* Project object */;
}
